
Microsoft Visual Studio Solution File, Format Version 12.00
# Visual Studio 15
VisualStudioVersion = 15.0.28010.2036
MinimumVisualStudioVersion = 10.0.40219.1
Project("{FAE04EC0-301F-11D3-BF4B-00C04F79EFBC}") = "Joe's Automotive", "Joe's Automotive\Joe's Automotive.csproj", "{76796CB7-A2FF-4993-8B66-34005D70BD3A}"
EndProject
Global
	GlobalSection(SolutionConfigurationPlatforms) = preSolution
		Debug|Any CPU = Debug|Any CPU
		Release|Any CPU = Release|Any CPU
	EndGlobalSection
	GlobalSection(ProjectConfigurationPlatforms) = postSolution
		{76796CB7-A2FF-4993-8B66-34005D70BD3A}.Debug|Any CPU.ActiveCfg = Debug|Any CPU
		{76796CB7-A2FF-4993-8B66-34005D70BD3A}.Debug|Any CPU.Build.0 = Debug|Any CPU
		{76796CB7-A2FF-4993-8B66-34005D70BD3A}.Release|Any CPU.ActiveCfg = Release|Any CPU
		{76796CB7-A2FF-4993-8B66-34005D70BD3A}.Release|Any CPU.Build.0 = Release|Any CPU
	EndGlobalSection
	GlobalSection(SolutionProperties) = preSolution
		HideSolutionNode = FALSE
	EndGlobalSection
	GlobalSection(ExtensibilityGlobals) = postSolution
		SolutionGuid = {2D96743A-7443-4167-9C92-1E21048E4FB7}
	EndGlobalSection
EndGlobal
